// !$*UTF8*$!
{
	archiveVersion = 1;
	classes = {
	};
	objectVersion = 56;
	objects = {

/* Begin PBXBuildFile section */
		071D927F2A9C5FF1007F245E /* SettingsDifficultyGame.swift in Sources */ = {isa = PBXBuildFile; fileRef = 071D927E2A9C5FF1007F245E /* SettingsDifficultyGame.swift */; };
		0725DA6D2A4006A10039BF32 /* UIView+extensions.swift in Sources */ = {isa = PBXBuildFile; fileRef = 0725DA6C2A4006A10039BF32 /* UIView+extensions.swift */; };
		073E91942A791E55000F53E7 /* SettingsViewController.swift in Sources */ = {isa = PBXBuildFile; fileRef = 073E91932A791E55000F53E7 /* SettingsViewController.swift */; };
		075A2DEA2A99AFDB00ED0756 /* MainSettingsGame.swift in Sources */ = {isa = PBXBuildFile; fileRef = 075A2DE92A99AFDB00ED0756 /* MainSettingsGame.swift */; };
		077796342A0CEE4E000CC394 /* AppDelegate.swift in Sources */ = {isa = PBXBuildFile; fileRef = 077796332A0CEE4E000CC394 /* AppDelegate.swift */; };
		077796362A0CEE4E000CC394 /* SceneDelegate.swift in Sources */ = {isa = PBXBuildFile; fileRef = 077796352A0CEE4E000CC394 /* SceneDelegate.swift */; };
		0777963B2A0CEE4E000CC394 /* Main.storyboard in Resources */ = {isa = PBXBuildFile; fileRef = 077796392A0CEE4E000CC394 /* Main.storyboard */; };
		0777963D2A0CEE50000CC394 /* Assets.xcassets in Resources */ = {isa = PBXBuildFile; fileRef = 0777963C2A0CEE50000CC394 /* Assets.xcassets */; };
		077796402A0CEE50000CC394 /* LaunchScreen.storyboard in Resources */ = {isa = PBXBuildFile; fileRef = 0777963E2A0CEE50000CC394 /* LaunchScreen.storyboard */; };
		07A035482A1262B100E05A50 /* StartViewController.swift in Sources */ = {isa = PBXBuildFile; fileRef = 07A035472A1262B100E05A50 /* StartViewController.swift */; };
		07A0354A2A12651D00E05A50 /* GameViewController.swift in Sources */ = {isa = PBXBuildFile; fileRef = 07A035492A12651D00E05A50 /* GameViewController.swift */; };
		07D8A9BA2A2C5F4D0084DBE0 /* GameOverViewController.swift in Sources */ = {isa = PBXBuildFile; fileRef = 07D8A9B92A2C5F4D0084DBE0 /* GameOverViewController.swift */; };
/* End PBXBuildFile section */

/* Begin PBXFileReference section */
		071D927E2A9C5FF1007F245E /* SettingsDifficultyGame.swift */ = {isa = PBXFileReference; lastKnownFileType = sourcecode.swift; path = SettingsDifficultyGame.swift; sourceTree = "<group>"; };
		0725DA6C2A4006A10039BF32 /* UIView+extensions.swift */ = {isa = PBXFileReference; lastKnownFileType = sourcecode.swift; path = "UIView+extensions.swift"; sourceTree = "<group>"; };
		073E91932A791E55000F53E7 /* SettingsViewController.swift */ = {isa = PBXFileReference; lastKnownFileType = sourcecode.swift; path = SettingsViewController.swift; sourceTree = "<group>"; };
		075A2DE92A99AFDB00ED0756 /* MainSettingsGame.swift */ = {isa = PBXFileReference; lastKnownFileType = sourcecode.swift; path = MainSettingsGame.swift; sourceTree = "<group>"; };
		077796302A0CEE4E000CC394 /* Crazy Submarine.app */ = {isa = PBXFileReference; explicitFileType = wrapper.application; includeInIndex = 0; path = "Crazy Submarine.app"; sourceTree = BUILT_PRODUCTS_DIR; };
		077796332A0CEE4E000CC394 /* AppDelegate.swift */ = {isa = PBXFileReference; lastKnownFileType = sourcecode.swift; path = AppDelegate.swift; sourceTree = "<group>"; };
		077796352A0CEE4E000CC394 /* SceneDelegate.swift */ = {isa = PBXFileReference; lastKnownFileType = sourcecode.swift; path = SceneDelegate.swift; sourceTree = "<group>"; };
		0777963A2A0CEE4E000CC394 /* Base */ = {isa = PBXFileReference; lastKnownFileType = file.storyboard; name = Base; path = Base.lproj/Main.storyboard; sourceTree = "<group>"; };
		0777963C2A0CEE50000CC394 /* Assets.xcassets */ = {isa = PBXFileReference; lastKnownFileType = folder.assetcatalog; path = Assets.xcassets; sourceTree = "<group>"; };
		0777963F2A0CEE50000CC394 /* Base */ = {isa = PBXFileReference; lastKnownFileType = file.storyboard; name = Base; path = Base.lproj/LaunchScreen.storyboard; sourceTree = "<group>"; };
		077796412A0CEE50000CC394 /* Info.plist */ = {isa = PBXFileReference; lastKnownFileType = text.plist.xml; path = Info.plist; sourceTree = "<group>"; };
		07A035472A1262B100E05A50 /* StartViewController.swift */ = {isa = PBXFileReference; lastKnownFileType = sourcecode.swift; path = StartViewController.swift; sourceTree = "<group>"; };
		07A035492A12651D00E05A50 /* GameViewController.swift */ = {isa = PBXFileReference; lastKnownFileType = sourcecode.swift; path = GameViewController.swift; sourceTree = "<group>"; };
		07D8A9B92A2C5F4D0084DBE0 /* GameOverViewController.swift */ = {isa = PBXFileReference; lastKnownFileType = sourcecode.swift; path = GameOverViewController.swift; sourceTree = "<group>"; };
/* End PBXFileReference section */

/* Begin PBXFrameworksBuildPhase section */
		0777962D2A0CEE4E000CC394 /* Frameworks */ = {
			isa = PBXFrameworksBuildPhase;
			buildActionMask = 2147483647;
			files = (
			);
			runOnlyForDeploymentPostprocessing = 0;
		};
/* End PBXFrameworksBuildPhase section */

/* Begin PBXGroup section */
		070B8DB52AA8200B007EEAF0 /* Settings */ = {
			isa = PBXGroup;
			children = (
				071D927E2A9C5FF1007F245E /* SettingsDifficultyGame.swift */,
				075A2DE92A99AFDB00ED0756 /* MainSettingsGame.swift */,
			);
			path = Settings;
			sourceTree = "<group>";
		};
		0725DA6E2A4006AD0039BF32 /* Extensions */ = {
			isa = PBXGroup;
			children = (
				0725DA6C2A4006A10039BF32 /* UIView+extensions.swift */,
			);
			path = Extensions;
			sourceTree = "<group>";
		};
		0725DA6F2A4007390039BF32 /* Controllers */ = {
			isa = PBXGroup;
			children = (
				07A035472A1262B100E05A50 /* StartViewController.swift */,
				073E91932A791E55000F53E7 /* SettingsViewController.swift */,
				07A035492A12651D00E05A50 /* GameViewController.swift */,
				07D8A9B92A2C5F4D0084DBE0 /* GameOverViewController.swift */,
			);
			path = Controllers;
			sourceTree = "<group>";
		};
		077796272A0CEE4E000CC394 = {
			isa = PBXGroup;
			children = (
				077796322A0CEE4E000CC394 /* Crazy Submarine */,
				077796312A0CEE4E000CC394 /* Products */,
			);
			sourceTree = "<group>";
		};
		077796312A0CEE4E000CC394 /* Products */ = {
			isa = PBXGroup;
			children = (
				077796302A0CEE4E000CC394 /* Crazy Submarine.app */,
			);
			name = Products;
			sourceTree = "<group>";
		};
		077796322A0CEE4E000CC394 /* Crazy Submarine */ = {
			isa = PBXGroup;
			children = (
				0725DA6F2A4007390039BF32 /* Controllers */,
				070B8DB52AA8200B007EEAF0 /* Settings */,
				0725DA6E2A4006AD0039BF32 /* Extensions */,
				077796332A0CEE4E000CC394 /* AppDelegate.swift */,
				077796352A0CEE4E000CC394 /* SceneDelegate.swift */,
				077796392A0CEE4E000CC394 /* Main.storyboard */,
				0777963C2A0CEE50000CC394 /* Assets.xcassets */,
				0777963E2A0CEE50000CC394 /* LaunchScreen.storyboard */,
				077796412A0CEE50000CC394 /* Info.plist */,
			);
			path = "Crazy Submarine";
			sourceTree = "<group>";
		};
/* End PBXGroup section */

/* Begin PBXNativeTarget section */
		0777962F2A0CEE4E000CC394 /* Crazy Submarine */ = {
			isa = PBXNativeTarget;
			buildConfigurationList = 077796442A0CEE50000CC394 /* Build configuration list for PBXNativeTarget "Crazy Submarine" */;
			buildPhases = (
				0777962C2A0CEE4E000CC394 /* Sources */,
				0777962D2A0CEE4E000CC394 /* Frameworks */,
				0777962E2A0CEE4E000CC394 /* Resources */,
			);
			buildRules = (
			);
			dependencies = (
			);
			name = "Crazy Submarine";
			productName = "Crazy Submarine";
			productReference = 077796302A0CEE4E000CC394 /* Crazy Submarine.app */;
			productType = "com.apple.product-type.application";
		};
/* End PBXNativeTarget section */

/* Begin PBXProject section */
		077796282A0CEE4E000CC394 /* Project object */ = {
			isa = PBXProject;
			attributes = {
				BuildIndependentTargetsInParallel = 1;
				LastSwiftUpdateCheck = 1420;
				LastUpgradeCheck = 1420;
				TargetAttributes = {
					0777962F2A0CEE4E000CC394 = {
						CreatedOnToolsVersion = 14.2;
					};
				};
			};
			buildConfigurationList = 0777962B2A0CEE4E000CC394 /* Build configuration list for PBXProject "Crazy Submarine" */;
			compatibilityVersion = "Xcode 14.0";
			developmentRegion = en;
			hasScannedForEncodings = 0;
			knownRegions = (
				en,
				Base,
			);
			mainGroup = 077796272A0CEE4E000CC394;
			productRefGroup = 077796312A0CEE4E000CC394 /* Products */;
			projectDirPath = "";
			projectRoot = "";
			targets = (
				0777962F2A0CEE4E000CC394 /* Crazy Submarine */,
			);
		};
/* End PBXProject section */

/* Begin PBXResourcesBuildPhase section */
		0777962E2A0CEE4E000CC394 /* Resources */ = {
			isa = PBXResourcesBuildPhase;
			buildActionMask = 2147483647;
			files = (
				077796402A0CEE50000CC394 /* LaunchScreen.storyboard in Resources */,
				0777963D2A0CEE50000CC394 /* Assets.xcassets in Resources */,
				0777963B2A0CEE4E000CC394 /* Main.storyboard in Resources */,
			);
			runOnlyForDeploymentPostprocessing = 0;
		};
/* End PBXResourcesBuildPhase section */

/* Begin PBXSourcesBuildPhase section */
		0777962C2A0CEE4E000CC394 /* Sources */ = {
			isa = PBXSourcesBuildPhase;
			buildActionMask = 2147483647;
			files = (
				0725DA6D2A4006A10039BF32 /* UIView+extensions.swift in Sources */,
				07A0354A2A12651D00E05A50 /* GameViewController.swift in Sources */,
				073E91942A791E55000F53E7 /* SettingsViewController.swift in Sources */,
				075A2DEA2A99AFDB00ED0756 /* MainSettingsGame.swift in Sources */,
				07A035482A1262B100E05A50 /* StartViewController.swift in Sources */,
				077796342A0CEE4E000CC394 /* AppDelegate.swift in Sources */,
				077796362A0CEE4E000CC394 /* SceneDelegate.swift in Sources */,
				07D8A9BA2A2C5F4D0084DBE0 /* GameOverViewController.swift in Sources */,
				071D927F2A9C5FF1007F245E /* SettingsDifficultyGame.swift in Sources */,
			);
			runOnlyForDeploymentPostprocessing = 0;
		};
/* End PBXSourcesBuildPhase section */

/* Begin PBXVariantGroup section */
		077796392A0CEE4E000CC394 /* Main.storyboard */ = {
			isa = PBXVariantGroup;
			children = (
				0777963A2A0CEE4E000CC394 /* Base */,
			);
			name = Main.storyboard;
			sourceTree = "<group>";
		};
		0777963E2A0CEE50000CC394 /* LaunchScreen.storyboard */ = {
			isa = PBXVariantGroup;
			children = (
				0777963F2A0CEE50000CC394 /* Base */,
			);
			name = LaunchScreen.storyboard;
			sourceTree = "<group>";
		};
/* End PBXVariantGroup section */

/* Begin XCBuildConfiguration section */
		077796422A0CEE50000CC394 /* Debug */ = {
			isa = XCBuildConfiguration;
			buildSettings = {
				ALWAYS_SEARCH_USER_PATHS = NO;
				CLANG_ANALYZER_NONNULL = YES;
				CLANG_ANALYZER_NUMBER_OBJECT_CONVERSION = YES_AGGRESSIVE;
				CLANG_CXX_LANGUAGE_STANDARD = "gnu++20";
				CLANG_ENABLE_MODULES = YES;
				CLANG_ENABLE_OBJC_ARC = YES;
				CLANG_ENABLE_OBJC_WEAK = YES;
				CLANG_WARN_BLOCK_CAPTURE_AUTORELEASING = YES;
				CLANG_WARN_BOOL_CONVERSION = YES;
				CLANG_WARN_COMMA = YES;
				CLANG_WARN_CONSTANT_CONVERSION = YES;
				CLANG_WARN_DEPRECATED_OBJC_IMPLEMENTATIONS = YES;
				CLANG_WARN_DIRECT_OBJC_ISA_USAGE = YES_ERROR;
				CLANG_WARN_DOCUMENTATION_COMMENTS = YES;
				CLANG_WARN_EMPTY_BODY = YES;
				CLANG_WARN_ENUM_CONVERSION = YES;
				CLANG_WARN_INFINITE_RECURSION = YES;
				CLANG_WARN_INT_CONVERSION = YES;
				CLANG_WARN_NON_LITERAL_NULL_CONVERSION = YES;
				CLANG_WARN_OBJC_IMPLICIT_RETAIN_SELF = YES;
				CLANG_WARN_OBJC_LITERAL_CONVERSION = YES;
				CLANG_WARN_OBJC_ROOT_CLASS = YES_ERROR;
				CLANG_WARN_QUOTED_INCLUDE_IN_FRAMEWORK_HEADER = YES;
				CLANG_WARN_RANGE_LOOP_ANALYSIS = YES;
				CLANG_WARN_STRICT_PROTOTYPES = YES;
				CLANG_WARN_SUSPICIOUS_MOVE = YES;
				CLANG_WARN_UNGUARDED_AVAILABILITY = YES_AGGRESSIVE;
				CLANG_WARN_UNREACHABLE_CODE = YES;
				CLANG_WARN__DUPLICATE_METHOD_MATCH = YES;
				COPY_PHASE_STRIP = NO;
				DEBUG_INFORMATION_FORMAT = dwarf;
				ENABLE_STRICT_OBJC_MSGSEND = YES;
				ENABLE_TESTABILITY = YES;
				GCC_C_LANGUAGE_STANDARD = gnu11;
				GCC_DYNAMIC_NO_PIC = NO;
				GCC_NO_COMMON_BLOCKS = YES;
				GCC_OPTIMIZATION_LEVEL = 0;
				GCC_PREPROCESSOR_DEFINITIONS = (
					"DEBUG=1",
					"$(inherited)",
				);
				GCC_WARN_64_TO_32_BIT_CONVERSION = YES;
				GCC_WARN_ABOUT_RETURN_TYPE = YES_ERROR;
				GCC_WARN_UNDECLARED_SELECTOR = YES;
				GCC_WARN_UNINITIALIZED_AUTOS = YES_AGGRESSIVE;
				GCC_WARN_UNUSED_FUNCTION = YES;
				GCC_WARN_UNUSED_VARIABLE = YES;
				IPHONEOS_DEPLOYMENT_TARGET = 16.2;
				MTL_ENABLE_DEBUG_INFO = INCLUDE_SOURCE;
				MTL_FAST_MATH = YES;
				ONLY_ACTIVE_ARCH = YES;
				SDKROOT = iphoneos;
				SWIFT_ACTIVE_COMPILATION_CONDITIONS = DEBUG;
				SWIFT_OPTIMIZATION_LEVEL = "-Onone";
			};
			name = Debug;
		};
		077796432A0CEE50000CC394 /* Release */ = {
			isa = XCBuildConfiguration;
			buildSettings = {
				ALWAYS_SEARCH_USER_PATHS = NO;
				CLANG_ANALYZER_NONNULL = YES;
				CLANG_ANALYZER_NUMBER_OBJECT_CONVERSION = YES_AGGRESSIVE;
				CLANG_CXX_LANGUAGE_STANDARD = "gnu++20";
				CLANG_ENABLE_MODULES = YES;
				CLANG_ENABLE_OBJC_ARC = YES;
				CLANG_ENABLE_OBJC_WEAK = YES;
				CLANG_WARN_BLOCK_CAPTURE_AUTORELEASING = YES;
				CLANG_WARN_BOOL_CONVERSION = YES;
				CLANG_WARN_COMMA = YES;
				CLANG_WARN_CONSTANT_CONVERSION = YES;
				CLANG_WARN_DEPRECATED_OBJC_IMPLEMENTATIONS = YES;
				CLANG_WARN_DIRECT_OBJC_ISA_USAGE = YES_ERROR;
				CLANG_WARN_DOCUMENTATION_COMMENTS = YES;
				CLANG_WARN_EMPTY_BODY = YES;
				CLANG_WARN_ENUM_CONVERSION = YES;
				CLANG_WARN_INFINITE_RECURSION = YES;
				CLANG_WARN_INT_CONVERSION = YES;
				CLANG_WARN_NON_LITERAL_NULL_CONVERSION = YES;
				CLANG_WARN_OBJC_IMPLICIT_RETAIN_SELF = YES;
				CLANG_WARN_OBJC_LITERAL_CONVERSION = YES;
				CLANG_WARN_OBJC_ROOT_CLASS = YES_ERROR;
				CLANG_WARN_QUOTED_INCLUDE_IN_FRAMEWORK_HEADER = YES;
				CLANG_WARN_RANGE_LOOP_ANALYSIS = YES;
				CLANG_WARN_STRICT_PROTOTYPES = YES;
				CLANG_WARN_SUSPICIOUS_MOVE = YES;
				CLANG_WARN_UNGUARDED_AVAILABILITY = YES_AGGRESSIVE;
				CLANG_WARN_UNREACHABLE_CODE = YES;
				CLANG_WARN__DUPLICATE_METHOD_MATCH = YES;
				COPY_PHASE_STRIP = NO;
				DEBUG_INFORMATION_FORMAT = "dwarf-with-dsym";
				ENABLE_NS_ASSERTIONS = NO;
				ENABLE_STRICT_OBJC_MSGSEND = YES;
				GCC_C_LANGUAGE_STANDARD = gnu11;
				GCC_NO_COMMON_BLOCKS = YES;
				GCC_WARN_64_TO_32_BIT_CONVERSION = YES;
				GCC_WARN_ABOUT_RETURN_TYPE = YES_ERROR;
				GCC_WARN_UNDECLARED_SELECTOR = YES;
				GCC_WARN_UNINITIALIZED_AUTOS = YES_AGGRESSIVE;
				GCC_WARN_UNUSED_FUNCTION = YES;
				GCC_WARN_UNUSED_VARIABLE = YES;
				IPHONEOS_DEPLOYMENT_TARGET = 16.2;
				MTL_ENABLE_DEBUG_INFO = NO;
				MTL_FAST_MATH = YES;
				SDKROOT = iphoneos;
				SWIFT_COMPILATION_MODE = wholemodule;
				SWIFT_OPTIMIZATION_LEVEL = "-O";
				VALIDATE_PRODUCT = YES;
			};
			name = Release;
		};
		077796452A0CEE50000CC394 /* Debug */ = {
			isa = XCBuildConfiguration;
			buildSettings = {
				ASSETCATALOG_COMPILER_APPICON_NAME = AppIcon;
				ASSETCATALOG_COMPILER_GLOBAL_ACCENT_COLOR_NAME = AccentColor;
				CODE_SIGN_STYLE = Automatic;
				CURRENT_PROJECT_VERSION = 1;
				DEVELOPMENT_TEAM = R7B33JH46T;
				GENERATE_INFOPLIST_FILE = YES;
				INFOPLIST_FILE = "Crazy Submarine/Info.plist";
				INFOPLIST_KEY_UIApplicationSupportsIndirectInputEvents = YES;
				INFOPLIST_KEY_UILaunchStoryboardName = LaunchScreen;
				INFOPLIST_KEY_UIMainStoryboardFile = Main;
				INFOPLIST_KEY_UISupportedInterfaceOrientations = "UIInterfaceOrientationLandscapeLeft UIInterfaceOrientationLandscapeRight";
				INFOPLIST_KEY_UISupportedInterfaceOrientations_iPad = "UIInterfaceOrientationLandscapeLeft UIInterfaceOrientationLandscapeRight UIInterfaceOrientationPortraitUpsideDown";
				LD_RUNPATH_SEARCH_PATHS = (
					"$(inherited)",
					"@executable_path/Frameworks",
				);
				MARKETING_VERSION = 1.0;
				PRODUCT_BUNDLE_IDENTIFIER = "com.hoprety.Crazy-Submarine";
				PRODUCT_NAME = "$(TARGET_NAME)";
				SWIFT_EMIT_LOC_STRINGS = YES;
				SWIFT_VERSION = 5.0;
				TARGETED_DEVICE_FAMILY = "1,2";
			};
			name = Debug;
		};
		077796462A0CEE50000CC394 /* Release */ = {
			isa = XCBuildConfiguration;
			buildSettings = {
				ASSETCATALOG_COMPILER_APPICON_NAME = AppIcon;
				ASSETCATALOG_COMPILER_GLOBAL_ACCENT_COLOR_NAME = AccentColor;
				CODE_SIGN_STYLE = Automatic;
				CURRENT_PROJECT_VERSION = 1;
				DEVELOPMENT_TEAM = R7B33JH46T;
				GENERATE_INFOPLIST_FILE = YES;
				INFOPLIST_FILE = "Crazy Submarine/Info.plist";
				INFOPLIST_KEY_UIApplicationSupportsIndirectInputEvents = YES;
				INFOPLIST_KEY_UILaunchStoryboardName = LaunchScreen;
				INFOPLIST_KEY_UIMainStoryboardFile = Main;
				INFOPLIST_KEY_UISupportedInterfaceOrientations = "UIInterfaceOrientationLandscapeLeft UIInterfaceOrientationLandscapeRight";
				INFOPLIST_KEY_UISupportedInterfaceOrientations_iPad = "UIInterfaceOrientationLandscapeLeft UIInterfaceOrientationLandscapeRight UIInterfaceOrientationPortraitUpsideDown";
				LD_RUNPATH_SEARCH_PATHS = (
					"$(inherited)",
					"@executable_path/Frameworks",
				);
				MARKETING_VERSION = 1.0;
				PRODUCT_BUNDLE_IDENTIFIER = "com.hoprety.Crazy-Submarine";
				PRODUCT_NAME = "$(TARGET_NAME)";
				SWIFT_EMIT_LOC_STRINGS = YES;
				SWIFT_VERSION = 5.0;
				TARGETED_DEVICE_FAMILY = "1,2";
			};
			name = Release;
		};
/* End XCBuildConfiguration section */

/* Begin XCConfigurationList section */
		0777962B2A0CEE4E000CC394 /* Build configuration list for PBXProject "Crazy Submarine" */ = {
			isa = XCConfigurationList;
			buildConfigurations = (
				077796422A0CEE50000CC394 /* Debug */,
				077796432A0CEE50000CC394 /* Release */,
			);
			defaultConfigurationIsVisible = 0;
			defaultConfigurationName = Release;
		};
		077796442A0CEE50000CC394 /* Build configuration list for PBXNativeTarget "Crazy Submarine" */ = {
			isa = XCConfigurationList;
			buildConfigurations = (
				077796452A0CEE50000CC394 /* Debug */,
				077796462A0CEE50000CC394 /* Release */,
			);
			defaultConfigurationIsVisible = 0;
			defaultConfigurationName = Release;
		};
/* End XCConfigurationList section */
	};
	rootObject = 077796282A0CEE4E000CC394 /* Project object */;
}
